
Microsoft Visual Studio Solution File, Format Version 12.00
# Visual Studio Version 17
VisualStudioVersion = 17.6.33723.286
MinimumVisualStudioVersion = 10.0.40219.1
Project("{9A19103F-16F7-4668-BE54-9A1E7A4F7556}") = "BackOffice", "BackOffice.csproj", "{C2362AF7-8B3A-41D0-94BB-CB29BBA19FF9}"
EndProject
Project("{9A19103F-16F7-4668-BE54-9A1E7A4F7556}") = "WebAPI", "..\Services\WebAPI.csproj", "{ABE3CB40-49CC-45A5-8BC5-AFAB307D1E4B}"
EndProject
Project("{FAE04EC0-301F-11D3-BF4B-00C04F79EFBC}") = "FrontOffice", "..\FrontOffice\FrontOffice.csproj", "{0D713DEE-616C-40F4-A8EF-A4A501758CA8}"
EndProject
Global
	GlobalSection(SolutionConfigurationPlatforms) = preSolution
		Debug|Any CPU = Debug|Any CPU
		Release|Any CPU = Release|Any CPU
	EndGlobalSection
	GlobalSection(ProjectConfigurationPlatforms) = postSolution
		{C2362AF7-8B3A-41D0-94BB-CB29BBA19FF9}.Debug|Any CPU.ActiveCfg = Debug|Any CPU
		{C2362AF7-8B3A-41D0-94BB-CB29BBA19FF9}.Debug|Any CPU.Build.0 = Debug|Any CPU
		{C2362AF7-8B3A-41D0-94BB-CB29BBA19FF9}.Release|Any CPU.ActiveCfg = Release|Any CPU
		{C2362AF7-8B3A-41D0-94BB-CB29BBA19FF9}.Release|Any CPU.Build.0 = Release|Any CPU
		{ABE3CB40-49CC-45A5-8BC5-AFAB307D1E4B}.Debug|Any CPU.ActiveCfg = Debug|Any CPU
		{ABE3CB40-49CC-45A5-8BC5-AFAB307D1E4B}.Debug|Any CPU.Build.0 = Debug|Any CPU
		{ABE3CB40-49CC-45A5-8BC5-AFAB307D1E4B}.Release|Any CPU.ActiveCfg = Release|Any CPU
		{ABE3CB40-49CC-45A5-8BC5-AFAB307D1E4B}.Release|Any CPU.Build.0 = Release|Any CPU
		{0D713DEE-616C-40F4-A8EF-A4A501758CA8}.Debug|Any CPU.ActiveCfg = Debug|Any CPU
		{0D713DEE-616C-40F4-A8EF-A4A501758CA8}.Debug|Any CPU.Build.0 = Debug|Any CPU
		{0D713DEE-616C-40F4-A8EF-A4A501758CA8}.Release|Any CPU.ActiveCfg = Release|Any CPU
		{0D713DEE-616C-40F4-A8EF-A4A501758CA8}.Release|Any CPU.Build.0 = Release|Any CPU
	EndGlobalSection
	GlobalSection(SolutionProperties) = preSolution
		HideSolutionNode = FALSE
	EndGlobalSection
	GlobalSection(ExtensibilityGlobals) = postSolution
		SolutionGuid = {F7E3DD49-E448-40E4-8280-2EB2B5457BA0}
	EndGlobalSection
EndGlobal
